
Microsoft Visual Studio Solution File, Format Version 12.00
# Visual Studio Version 17
VisualStudioVersion = 17.1.32210.238
MinimumVisualStudioVersion = 10.0.40219.1
Project("{FAE04EC0-301F-11D3-BF4B-00C04F79EFBC}") = "trigonometric", "trigonometric.csproj", "{251E7F0D-A8E5-4253-B349-F237BD1020D5}"
EndProject
Global
	GlobalSection(SolutionConfigurationPlatforms) = preSolution
		Debug|Any CPU = Debug|Any CPU
		Release|Any CPU = Release|Any CPU
	EndGlobalSection
	GlobalSection(ProjectConfigurationPlatforms) = postSolution
		{251E7F0D-A8E5-4253-B349-F237BD1020D5}.Debug|Any CPU.ActiveCfg = Debug|Any CPU
		{251E7F0D-A8E5-4253-B349-F237BD1020D5}.Debug|Any CPU.Build.0 = Debug|Any CPU
		{251E7F0D-A8E5-4253-B349-F237BD1020D5}.Release|Any CPU.ActiveCfg = Release|Any CPU
		{251E7F0D-A8E5-4253-B349-F237BD1020D5}.Release|Any CPU.Build.0 = Release|Any CPU
	EndGlobalSection
	GlobalSection(SolutionProperties) = preSolution
		HideSolutionNode = FALSE
	EndGlobalSection
	GlobalSection(ExtensibilityGlobals) = postSolution
		SolutionGuid = {ABEC1224-4B25-4FFF-AD61-F16E2527A18A}
	EndGlobalSection
EndGlobal
